
Microsoft Visual Studio Solution File, Format Version 12.00
# Visual Studio Version 17
VisualStudioVersion = 17.12.35527.113
MinimumVisualStudioVersion = 10.0.40219.1
Project("{FAE04EC0-301F-11D3-BF4B-00C04F79EFBC}") = "StudentGradingSystem", "StudentGradingSystem\StudentGradingSystem.csproj", "{0C71ACCE-B89E-46A7-A34D-E364DEC31904}"
EndProject
Project("{FAE04EC0-301F-11D3-BF4B-00C04F79EFBC}") = "StudentGradingSystem.Domain", "StudentGradingSystem.Core\StudentGradingSystem.Domain.csproj", "{7803E17E-309C-411D-8DBD-2237D49D22F1}"
EndProject
Project("{FAE04EC0-301F-11D3-BF4B-00C04F79EFBC}") = "StudentGradingSystem.Infrastructure", "StudentGradingSystem.Repository\StudentGradingSystem.Infrastructure.csproj", "{2D941BB3-5B9D-4862-BCF4-832632E9A233}"
EndProject
Project("{FAE04EC0-301F-11D3-BF4B-00C04F79EFBC}") = "StudentGradingSystem.Application", "StudentGradingSystem.Application\StudentGradingSystem.Application.csproj", "{7173654F-95DA-47C0-A293-A9B55D896D8B}"
EndProject
Project("{FAE04EC0-301F-11D3-BF4B-00C04F79EFBC}") = "DTos", "DTos\DTos.csproj", "{1F31B1FD-7C59-4A56-908C-66ED44D4E33E}"
EndProject
Global
	GlobalSection(SolutionConfigurationPlatforms) = preSolution
		Debug|Any CPU = Debug|Any CPU
		Release|Any CPU = Release|Any CPU
	EndGlobalSection
	GlobalSection(ProjectConfigurationPlatforms) = postSolution
		{0C71ACCE-B89E-46A7-A34D-E364DEC31904}.Debug|Any CPU.ActiveCfg = Debug|Any CPU
		{0C71ACCE-B89E-46A7-A34D-E364DEC31904}.Debug|Any CPU.Build.0 = Debug|Any CPU
		{0C71ACCE-B89E-46A7-A34D-E364DEC31904}.Release|Any CPU.ActiveCfg = Release|Any CPU
		{0C71ACCE-B89E-46A7-A34D-E364DEC31904}.Release|Any CPU.Build.0 = Release|Any CPU
		{7803E17E-309C-411D-8DBD-2237D49D22F1}.Debug|Any CPU.ActiveCfg = Debug|Any CPU
		{7803E17E-309C-411D-8DBD-2237D49D22F1}.Debug|Any CPU.Build.0 = Debug|Any CPU
		{7803E17E-309C-411D-8DBD-2237D49D22F1}.Release|Any CPU.ActiveCfg = Release|Any CPU
		{7803E17E-309C-411D-8DBD-2237D49D22F1}.Release|Any CPU.Build.0 = Release|Any CPU
		{2D941BB3-5B9D-4862-BCF4-832632E9A233}.Debug|Any CPU.ActiveCfg = Debug|Any CPU
		{2D941BB3-5B9D-4862-BCF4-832632E9A233}.Debug|Any CPU.Build.0 = Debug|Any CPU
		{2D941BB3-5B9D-4862-BCF4-832632E9A233}.Release|Any CPU.ActiveCfg = Release|Any CPU
		{2D941BB3-5B9D-4862-BCF4-832632E9A233}.Release|Any CPU.Build.0 = Release|Any CPU
		{7173654F-95DA-47C0-A293-A9B55D896D8B}.Debug|Any CPU.ActiveCfg = Debug|Any CPU
		{7173654F-95DA-47C0-A293-A9B55D896D8B}.Debug|Any CPU.Build.0 = Debug|Any CPU
		{7173654F-95DA-47C0-A293-A9B55D896D8B}.Release|Any CPU.ActiveCfg = Release|Any CPU
		{7173654F-95DA-47C0-A293-A9B55D896D8B}.Release|Any CPU.Build.0 = Release|Any CPU
		{1F31B1FD-7C59-4A56-908C-66ED44D4E33E}.Debug|Any CPU.ActiveCfg = Debug|Any CPU
		{1F31B1FD-7C59-4A56-908C-66ED44D4E33E}.Debug|Any CPU.Build.0 = Debug|Any CPU
		{1F31B1FD-7C59-4A56-908C-66ED44D4E33E}.Release|Any CPU.ActiveCfg = Release|Any CPU
		{1F31B1FD-7C59-4A56-908C-66ED44D4E33E}.Release|Any CPU.Build.0 = Release|Any CPU
	EndGlobalSection
	GlobalSection(SolutionProperties) = preSolution
		HideSolutionNode = FALSE
	EndGlobalSection
EndGlobal
